
Microsoft Visual Studio Solution File, Format Version 12.00
# Visual Studio Version 17
VisualStudioVersion = 17.4.33213.308
MinimumVisualStudioVersion = 10.0.40219.1
Project("{FAE04EC0-301F-11D3-BF4B-00C04F79EFBC}") = "BoisDuRoy_Margaux_Louison", "BoisDuRoy_Margaux_Louison.csproj", "{B5D9D77D-EC93-432A-93C7-80B5E31B2B91}"
EndProject
Global
	GlobalSection(SolutionConfigurationPlatforms) = preSolution
		Debug|Any CPU = Debug|Any CPU
		Release|Any CPU = Release|Any CPU
	EndGlobalSection
	GlobalSection(ProjectConfigurationPlatforms) = postSolution
		{B5D9D77D-EC93-432A-93C7-80B5E31B2B91}.Debug|Any CPU.ActiveCfg = Debug|Any CPU
		{B5D9D77D-EC93-432A-93C7-80B5E31B2B91}.Debug|Any CPU.Build.0 = Debug|Any CPU
		{B5D9D77D-EC93-432A-93C7-80B5E31B2B91}.Release|Any CPU.ActiveCfg = Release|Any CPU
		{B5D9D77D-EC93-432A-93C7-80B5E31B2B91}.Release|Any CPU.Build.0 = Release|Any CPU
	EndGlobalSection
	GlobalSection(SolutionProperties) = preSolution
		HideSolutionNode = FALSE
	EndGlobalSection
	GlobalSection(ExtensibilityGlobals) = postSolution
		SolutionGuid = {C7029293-439F-4399-BA08-F1492163D413}
	EndGlobalSection
EndGlobal
